
Microsoft Visual Studio Solution File, Format Version 11.00
# Visual Studio 2010
Project("{FAE04EC0-301F-11D3-BF4B-00C04F79EFBC}") = "FriendlyCheckers", "FriendlyCheckers\FriendlyCheckers.csproj", "{48CC58A7-EBF4-4612-B9AF-D30BA0E658A1}"
EndProject
Global
	GlobalSection(SolutionConfigurationPlatforms) = preSolution
		Debug|Any CPU = Debug|Any CPU
		Release|Any CPU = Release|Any CPU
	EndGlobalSection
	GlobalSection(ProjectConfigurationPlatforms) = postSolution
		{48CC58A7-EBF4-4612-B9AF-D30BA0E658A1}.Debug|Any CPU.ActiveCfg = Debug|Any CPU
		{48CC58A7-EBF4-4612-B9AF-D30BA0E658A1}.Debug|Any CPU.Build.0 = Debug|Any CPU
		{48CC58A7-EBF4-4612-B9AF-D30BA0E658A1}.Debug|Any CPU.Deploy.0 = Debug|Any CPU
		{48CC58A7-EBF4-4612-B9AF-D30BA0E658A1}.Release|Any CPU.ActiveCfg = Release|Any CPU
		{48CC58A7-EBF4-4612-B9AF-D30BA0E658A1}.Release|Any CPU.Build.0 = Release|Any CPU
		{48CC58A7-EBF4-4612-B9AF-D30BA0E658A1}.Release|Any CPU.Deploy.0 = Release|Any CPU
	EndGlobalSection
	GlobalSection(SolutionProperties) = preSolution
		HideSolutionNode = FALSE
	EndGlobalSection
EndGlobal
